// !$*UTF8*$!
{
	archiveVersion = 1;
	classes = {
	};
	objectVersion = 46;
	objects = {

/* Begin PBXBuildFile section */
		1E11AB7918C561E300522739 /* BFAppLinkNavigation.m in Sources */ = {isa = PBXBuildFile; fileRef = 1E11AB7418C561E300522739 /* BFAppLinkNavigation.m */; };
		1E11AB7A18C561E300522739 /* BFAppLink.m in Sources */ = {isa = PBXBuildFile; fileRef = 1E11AB7618C561E300522739 /* BFAppLink.m */; };
		1E11AB7B18C561E300522739 /* BFURL.m in Sources */ = {isa = PBXBuildFile; fileRef = 1E11AB7818C561E300522739 /* BFURL.m */; };
		1E11AB7E18C7C50800522739 /* BFAppLinkTarget.m in Sources */ = {isa = PBXBuildFile; fileRef = 1E11AB7D18C7C50800522739 /* BFAppLinkTarget.m */; };
		1E45E47318DA788800D23509 /* UIKit.framework in Frameworks */ = {isa = PBXBuildFile; fileRef = 1EC3016418CDAA8400D06D07 /* UIKit.framework */; };
		1E45E47418DA7F0000D23509 /* BFAppLink.h in CopyFiles */ = {isa = PBXBuildFile; fileRef = 1E11AB7518C561E300522739 /* BFAppLink.h */; };
		1E45E47518DA7F0000D23509 /* BFAppLinkNavigation.h in CopyFiles */ = {isa = PBXBuildFile; fileRef = 1E11AB7318C561E300522739 /* BFAppLinkNavigation.h */; };
		1E45E47618DA7F0000D23509 /* BFAppLinkResolving.h in CopyFiles */ = {isa = PBXBuildFile; fileRef = 1EC3019318CDD79F00D06D07 /* BFAppLinkResolving.h */; };
		1E45E47718DA7F0000D23509 /* BFAppLinkTarget.h in CopyFiles */ = {isa = PBXBuildFile; fileRef = 1E11AB7C18C7C50800522739 /* BFAppLinkTarget.h */; };
		1E45E47818DA7F0000D23509 /* BFURL.h in CopyFiles */ = {isa = PBXBuildFile; fileRef = 1E11AB7718C561E300522739 /* BFURL.h */; };
		1E45E47918DA7F0000D23509 /* BFWebViewAppLinkResolver.h in CopyFiles */ = {isa = PBXBuildFile; fileRef = 1EC3019418CDD8A500D06D07 /* BFWebViewAppLinkResolver.h */; };
		1E9BF8DC18EA0CAD00514B1E /* test.html in Resources */ = {isa = PBXBuildFile; fileRef = 1E9BF8DB18EA0CAD00514B1E /* test.html */; };
		1EC3016118CDAA8400D06D07 /* Foundation.framework in Frameworks */ = {isa = PBXBuildFile; fileRef = 8E9C3CEC17DE9DE000427E62 /* Foundation.framework */; };
		1EC3016318CDAA8400D06D07 /* CoreGraphics.framework in Frameworks */ = {isa = PBXBuildFile; fileRef = 1EC3016218CDAA8400D06D07 /* CoreGraphics.framework */; };
		1EC3016518CDAA8400D06D07 /* UIKit.framework in Frameworks */ = {isa = PBXBuildFile; fileRef = 1EC3016418CDAA8400D06D07 /* UIKit.framework */; };
		1EC3016B18CDAA8400D06D07 /* InfoPlist.strings in Resources */ = {isa = PBXBuildFile; fileRef = 1EC3016918CDAA8400D06D07 /* InfoPlist.strings */; };
		1EC3016D18CDAA8400D06D07 /* main.m in Sources */ = {isa = PBXBuildFile; fileRef = 1EC3016C18CDAA8400D06D07 /* main.m */; };
		1EC3017118CDAA8400D06D07 /* AppDelegate.m in Sources */ = {isa = PBXBuildFile; fileRef = 1EC3017018CDAA8400D06D07 /* AppDelegate.m */; };
		1EC3017318CDAA8400D06D07 /* Images.xcassets in Resources */ = {isa = PBXBuildFile; fileRef = 1EC3017218CDAA8400D06D07 /* Images.xcassets */; };
		1EC3019118CDABCE00D06D07 /* AppLinkTests.m in Sources */ = {isa = PBXBuildFile; fileRef = 1EC3019018CDABCE00D06D07 /* AppLinkTests.m */; };
		1EC3019218CDB3CB00D06D07 /* UIKit.framework in Frameworks */ = {isa = PBXBuildFile; fileRef = 1EC3016418CDAA8400D06D07 /* UIKit.framework */; };
		1EC3019618CDD8A500D06D07 /* BFWebViewAppLinkResolver.m in Sources */ = {isa = PBXBuildFile; fileRef = 1EC3019518CDD8A500D06D07 /* BFWebViewAppLinkResolver.m */; };
		8550FD2218ECCF1600976B4B /* BFAppLinkReturnToRefererView.h in CopyFiles */ = {isa = PBXBuildFile; fileRef = 85D5138618E4E27700D19D87 /* BFAppLinkReturnToRefererView.h */; };
		85D5138818E4E27700D19D87 /* BFAppLinkReturnToRefererView.m in Sources */ = {isa = PBXBuildFile; fileRef = 85D5138718E4E27700D19D87 /* BFAppLinkReturnToRefererView.m */; };
		85D5138A18E4E45800D19D87 /* AppLinkReturnToRefererViewTests.m in Sources */ = {isa = PBXBuildFile; fileRef = 85D5138918E4E45800D19D87 /* AppLinkReturnToRefererViewTests.m */; };
		85EEE11B18FCAB370007510B /* BFAppLinkReturnToRefererController.m in Sources */ = {isa = PBXBuildFile; fileRef = 85EEE11A18FCAB370007510B /* BFAppLinkReturnToRefererController.m */; };
		85EEE11D18FCC8180007510B /* BFAppLinkReturnToRefererController.h in CopyFiles */ = {isa = PBXBuildFile; fileRef = 85EEE11918FCAB370007510B /* BFAppLinkReturnToRefererController.h */; };
		8E0B5CD817E139660066379B /* BFTask.h in CopyFiles */ = {isa = PBXBuildFile; fileRef = 8E9C3D1E17DEA35700427E62 /* BFTask.h */; };
		8E0B5CD917E1396C0066379B /* BFTaskCompletionSource.h in CopyFiles */ = {isa = PBXBuildFile; fileRef = 8E9C3D2017DEA35700427E62 /* BFTaskCompletionSource.h */; };
		8E17EC261805D0960049E862 /* Bolts.m in Sources */ = {isa = PBXBuildFile; fileRef = 8EA6BF661805CED500337041 /* Bolts.m */; };
		8E17EC271805D0A40049E862 /* BoltsTests.m in Sources */ = {isa = PBXBuildFile; fileRef = 8EA6BF681805CF5600337041 /* BoltsTests.m */; };
		8E42701D1805E595000B84ED /* BFExecutor.h in CopyFiles */ = {isa = PBXBuildFile; fileRef = 8EB2CB401805DDDB00323385 /* BFExecutor.h */; };
		8E42701E1805E59A000B84ED /* BFExecutor.m in Sources */ = {isa = PBXBuildFile; fileRef = 8EB2CB411805DDDB00323385 /* BFExecutor.m */; };
		8E42701F1805E5A1000B84ED /* BFExecutor.h in CopyFiles */ = {isa = PBXBuildFile; fileRef = 8EB2CB401805DDDB00323385 /* BFExecutor.h */; };
		8E8C8EEA17F23D1D00E3F1C7 /* XCTest.framework in Frameworks */ = {isa = PBXBuildFile; fileRef = 8E8C8ED217F23C3B00E3F1C7 /* XCTest.framework */; };
		8E8C8EEB17F23D1D00E3F1C7 /* Foundation.framework in Frameworks */ = {isa = PBXBuildFile; fileRef = 8E9C3CEC17DE9DE000427E62 /* Foundation.framework */; };
		8E8C8EFB17F23E5F00E3F1C7 /* TaskTests.m in Sources */ = {isa = PBXBuildFile; fileRef = 8E9C3D1C17DE9F6500427E62 /* TaskTests.m */; };
		8E8C8EFC17F23E6E00E3F1C7 /* libBolts.a in Frameworks */ = {isa = PBXBuildFile; fileRef = 8E9C3CE917DE9DE000427E62 /* libBolts.a */; };
		8E8C8F1A17F241DA00E3F1C7 /* XCTest.framework in Frameworks */ = {isa = PBXBuildFile; fileRef = 8E8C8ED217F23C3B00E3F1C7 /* XCTest.framework */; };
		8E8C8F2917F241FF00E3F1C7 /* TaskTests.m in Sources */ = {isa = PBXBuildFile; fileRef = 8E9C3D1C17DE9F6500427E62 /* TaskTests.m */; };
		8E8C8F2A17F2420400E3F1C7 /* MacBolts.dylib in Frameworks */ = {isa = PBXBuildFile; fileRef = 8EDDA63517E17DDD00655F8A /* MacBolts.dylib */; };
		8E9C3CED17DE9DE000427E62 /* Foundation.framework in Frameworks */ = {isa = PBXBuildFile; fileRef = 8E9C3CEC17DE9DE000427E62 /* Foundation.framework */; };
		8E9C3D2217DEA35700427E62 /* BFTask.m in Sources */ = {isa = PBXBuildFile; fileRef = 8E9C3D1F17DEA35700427E62 /* BFTask.m */; };
		8E9C3D2417DEA35700427E62 /* BFTaskCompletionSource.m in Sources */ = {isa = PBXBuildFile; fileRef = 8E9C3D2117DEA35700427E62 /* BFTaskCompletionSource.m */; };
		8EA6BF671805CED500337041 /* Bolts.m in Sources */ = {isa = PBXBuildFile; fileRef = 8EA6BF661805CED500337041 /* Bolts.m */; };
		8EA6BF691805CF5600337041 /* BoltsTests.m in Sources */ = {isa = PBXBuildFile; fileRef = 8EA6BF681805CF5600337041 /* BoltsTests.m */; };
		8EB2CB421805DDDB00323385 /* BFExecutor.m in Sources */ = {isa = PBXBuildFile; fileRef = 8EB2CB411805DDDB00323385 /* BFExecutor.m */; };
		8EDDA62A17E17DDC00655F8A /* BFTaskCompletionSource.h in CopyFiles */ = {isa = PBXBuildFile; fileRef = 8E9C3D2017DEA35700427E62 /* BFTaskCompletionSource.h */; };
		8EDDA62B17E17DDC00655F8A /* BFTask.h in CopyFiles */ = {isa = PBXBuildFile; fileRef = 8E9C3D1E17DEA35700427E62 /* BFTask.h */; };
		8EDDA62D17E17DDC00655F8A /* BFTask.m in Sources */ = {isa = PBXBuildFile; fileRef = 8E9C3D1F17DEA35700427E62 /* BFTask.m */; };
		8EDDA62E17E17DDC00655F8A /* BFTaskCompletionSource.m in Sources */ = {isa = PBXBuildFile; fileRef = 8E9C3D2117DEA35700427E62 /* BFTaskCompletionSource.m */; };
		8EDDA63017E17DDC00655F8A /* Foundation.framework in Frameworks */ = {isa = PBXBuildFile; fileRef = 8E9C3CEC17DE9DE000427E62 /* Foundation.framework */; };
		8EE768A71803E5D5009A53B1 /* Bolts.h in CopyFiles */ = {isa = PBXBuildFile; fileRef = 8EE768A61803E32F009A53B1 /* Bolts.h */; };
		8EE768A81803E5DA009A53B1 /* BoltsVersion.h in CopyFiles */ = {isa = PBXBuildFile; fileRef = 8E0B5CDA17E13B4C0066379B /* BoltsVersion.h */; };
		8EE768A91803E5E0009A53B1 /* Bolts.h in CopyFiles */ = {isa = PBXBuildFile; fileRef = 8EE768A61803E32F009A53B1 /* Bolts.h */; };
		8EE768AA1803E5E5009A53B1 /* BoltsVersion.h in CopyFiles */ = {isa = PBXBuildFile; fileRef = 8E0B5CDA17E13B4C0066379B /* BoltsVersion.h */; };
/* End PBXBuildFile section */

/* Begin PBXContainerItemProxy section */
		1E617A8918DA0CA90056A4E2 /* PBXContainerItemProxy */ = {
			isa = PBXContainerItemProxy;
			containerPortal = 8E9C3CE117DE9DE000427E62 /* Project object */;
			proxyType = 1;
			remoteGlobalIDString = 1EC3015F18CDAA8300D06D07;
			remoteInfo = BoltsTestUI;
		};
		8E8C8EF617F23D1D00E3F1C7 /* PBXContainerItemProxy */ = {
			isa = PBXContainerItemProxy;
			containerPortal = 8E9C3CE117DE9DE000427E62 /* Project object */;
			proxyType = 1;
			remoteGlobalIDString = 8E9C3CE817DE9DE000427E62;
			remoteInfo = Bolts;
		};
		8E8C8F2417F241DA00E3F1C7 /* PBXContainerItemProxy */ = {
			isa = PBXContainerItemProxy;
			containerPortal = 8E9C3CE117DE9DE000427E62 /* Project object */;
			proxyType = 1;
			remoteGlobalIDString = 8EDDA62817E17DDC00655F8A;
			remoteInfo = MacBolts;
		};
/* End PBXContainerItemProxy section */

/* Begin PBXCopyFilesBuildPhase section */
		8E0B5CD717E139360066379B /* CopyFiles */ = {
			isa = PBXCopyFilesBuildPhase;
			buildActionMask = 2147483647;
			dstPath = Bolts;
			dstSubfolderSpec = 16;
			files = (
				85EEE11D18FCC8180007510B /* BFAppLinkReturnToRefererController.h in CopyFiles */,
				8550FD2218ECCF1600976B4B /* BFAppLinkReturnToRefererView.h in CopyFiles */,
				1E45E47418DA7F0000D23509 /* BFAppLink.h in CopyFiles */,
				1E45E47518DA7F0000D23509 /* BFAppLinkNavigation.h in CopyFiles */,
				1E45E47618DA7F0000D23509 /* BFAppLinkResolving.h in CopyFiles */,
				1E45E47718DA7F0000D23509 /* BFAppLinkTarget.h in CopyFiles */,
				1E45E47818DA7F0000D23509 /* BFURL.h in CopyFiles */,
				1E45E47918DA7F0000D23509 /* BFWebViewAppLinkResolver.h in CopyFiles */,
				8E42701F1805E5A1000B84ED /* BFExecutor.h in CopyFiles */,
				8EE768A81803E5DA009A53B1 /* BoltsVersion.h in CopyFiles */,
				8EE768A71803E5D5009A53B1 /* Bolts.h in CopyFiles */,
				8E0B5CD917E1396C0066379B /* BFTaskCompletionSource.h in CopyFiles */,
				8E0B5CD817E139660066379B /* BFTask.h in CopyFiles */,
			);
			runOnlyForDeploymentPostprocessing = 0;
		};
		8E9C3CE717DE9DE000427E62 /* CopyFiles */ = {
			isa = PBXCopyFilesBuildPhase;
			buildActionMask = 2147483647;
			dstPath = "include/${PRODUCT_NAME}";
			dstSubfolderSpec = 16;
			files = (
			);
			runOnlyForDeploymentPostprocessing = 0;
		};
		8EDDA62917E17DDC00655F8A /* CopyFiles */ = {
			isa = PBXCopyFilesBuildPhase;
			buildActionMask = 2147483647;
			dstPath = Bolts;
			dstSubfolderSpec = 16;
			files = (
				8E42701D1805E595000B84ED /* BFExecutor.h in CopyFiles */,
				8EE768AA1803E5E5009A53B1 /* BoltsVersion.h in CopyFiles */,
				8EE768A91803E5E0009A53B1 /* Bolts.h in CopyFiles */,
				8EDDA62A17E17DDC00655F8A /* BFTaskCompletionSource.h in CopyFiles */,
				8EDDA62B17E17DDC00655F8A /* BFTask.h in CopyFiles */,
			);
			runOnlyForDeploymentPostprocessing = 0;
		};
		8EDDA63117E17DDC00655F8A /* CopyFiles */ = {
			isa = PBXCopyFilesBuildPhase;
			buildActionMask = 2147483647;
			dstPath = "include/${PRODUCT_NAME}";
			dstSubfolderSpec = 16;
			files = (
			);
			runOnlyForDeploymentPostprocessing = 0;
		};
/* End PBXCopyFilesBuildPhase section */

/* Begin PBXFileReference section */
		1E11AB7318C561E300522739 /* BFAppLinkNavigation.h */ = {isa = PBXFileReference; fileEncoding = 4; lastKnownFileType = sourcecode.c.h; path = BFAppLinkNavigation.h; sourceTree = "<group>"; };
		1E11AB7418C561E300522739 /* BFAppLinkNavigation.m */ = {isa = PBXFileReference; fileEncoding = 4; lastKnownFileType = sourcecode.c.objc; path = BFAppLinkNavigation.m; sourceTree = "<group>"; };
		1E11AB7518C561E300522739 /* BFAppLink.h */ = {isa = PBXFileReference; fileEncoding = 4; lastKnownFileType = sourcecode.c.h; path = BFAppLink.h; sourceTree = "<group>"; };
		1E11AB7618C561E300522739 /* BFAppLink.m */ = {isa = PBXFileReference; fileEncoding = 4; lastKnownFileType = sourcecode.c.objc; path = BFAppLink.m; sourceTree = "<group>"; };
		1E11AB7718C561E300522739 /* BFURL.h */ = {isa = PBXFileReference; fileEncoding = 4; lastKnownFileType = sourcecode.c.h; path = BFURL.h; sourceTree = "<group>"; };
		1E11AB7818C561E300522739 /* BFURL.m */ = {isa = PBXFileReference; fileEncoding = 4; lastKnownFileType = sourcecode.c.objc; path = BFURL.m; sourceTree = "<group>"; };
		1E11AB7C18C7C50800522739 /* BFAppLinkTarget.h */ = {isa = PBXFileReference; fileEncoding = 4; lastKnownFileType = sourcecode.c.h; path = BFAppLinkTarget.h; sourceTree = "<group>"; };
		1E11AB7D18C7C50800522739 /* BFAppLinkTarget.m */ = {isa = PBXFileReference; fileEncoding = 4; lastKnownFileType = sourcecode.c.objc; path = BFAppLinkTarget.m; sourceTree = "<group>"; };
		1E9BF8DB18EA0CAD00514B1E /* test.html */ = {isa = PBXFileReference; fileEncoding = 4; lastKnownFileType = text.html; path = test.html; sourceTree = "<group>"; };
		1EC3016018CDAA8400D06D07 /* BoltsTestUI.app */ = {isa = PBXFileReference; explicitFileType = wrapper.application; includeInIndex = 0; path = BoltsTestUI.app; sourceTree = BUILT_PRODUCTS_DIR; };
		1EC3016218CDAA8400D06D07 /* CoreGraphics.framework */ = {isa = PBXFileReference; lastKnownFileType = wrapper.framework; name = CoreGraphics.framework; path = System/Library/Frameworks/CoreGraphics.framework; sourceTree = SDKROOT; };
		1EC3016418CDAA8400D06D07 /* UIKit.framework */ = {isa = PBXFileReference; lastKnownFileType = wrapper.framework; name = UIKit.framework; path = System/Library/Frameworks/UIKit.framework; sourceTree = SDKROOT; };
		1EC3016818CDAA8400D06D07 /* BoltsTestUI-Info.plist */ = {isa = PBXFileReference; lastKnownFileType = text.plist.xml; path = "BoltsTestUI-Info.plist"; sourceTree = "<group>"; };
		1EC3016A18CDAA8400D06D07 /* en */ = {isa = PBXFileReference; lastKnownFileType = text.plist.strings; name = en; path = en.lproj/InfoPlist.strings; sourceTree = "<group>"; };
		1EC3016C18CDAA8400D06D07 /* main.m */ = {isa = PBXFileReference; lastKnownFileType = sourcecode.c.objc; path = main.m; sourceTree = "<group>"; };
		1EC3016E18CDAA8400D06D07 /* BoltsTestUI-Prefix.pch */ = {isa = PBXFileReference; lastKnownFileType = sourcecode.c.h; path = "BoltsTestUI-Prefix.pch"; sourceTree = "<group>"; };
		1EC3016F18CDAA8400D06D07 /* AppDelegate.h */ = {isa = PBXFileReference; lastKnownFileType = sourcecode.c.h; path = AppDelegate.h; sourceTree = "<group>"; };
		1EC3017018CDAA8400D06D07 /* AppDelegate.m */ = {isa = PBXFileReference; lastKnownFileType = sourcecode.c.objc; path = AppDelegate.m; sourceTree = "<group>"; };
		1EC3017218CDAA8400D06D07 /* Images.xcassets */ = {isa = PBXFileReference; lastKnownFileType = folder.assetcatalog; path = Images.xcassets; sourceTree = "<group>"; };
		1EC3019018CDABCE00D06D07 /* AppLinkTests.m */ = {isa = PBXFileReference; fileEncoding = 4; lastKnownFileType = sourcecode.c.objc; path = AppLinkTests.m; sourceTree = "<group>"; };
		1EC3019318CDD79F00D06D07 /* BFAppLinkResolving.h */ = {isa = PBXFileReference; lastKnownFileType = sourcecode.c.h; path = BFAppLinkResolving.h; sourceTree = "<group>"; };
		1EC3019418CDD8A500D06D07 /* BFWebViewAppLinkResolver.h */ = {isa = PBXFileReference; fileEncoding = 4; lastKnownFileType = sourcecode.c.h; path = BFWebViewAppLinkResolver.h; sourceTree = "<group>"; };
		1EC3019518CDD8A500D06D07 /* BFWebViewAppLinkResolver.m */ = {isa = PBXFileReference; fileEncoding = 4; lastKnownFileType = sourcecode.c.objc; path = BFWebViewAppLinkResolver.m; sourceTree = "<group>"; };
		8550FD2E18EE1B7A00976B4B /* en */ = {isa = PBXFileReference; lastKnownFileType = text.plist.strings; name = en; path = en.lproj/Localizable.strings; sourceTree = "<group>"; };
		85D5138618E4E27700D19D87 /* BFAppLinkReturnToRefererView.h */ = {isa = PBXFileReference; fileEncoding = 4; lastKnownFileType = sourcecode.c.h; path = BFAppLinkReturnToRefererView.h; sourceTree = "<group>"; };
		85D5138718E4E27700D19D87 /* BFAppLinkReturnToRefererView.m */ = {isa = PBXFileReference; fileEncoding = 4; indentWidth = 4; lastKnownFileType = sourcecode.c.objc; path = BFAppLinkReturnToRefererView.m; sourceTree = "<group>"; tabWidth = 4; wrapsLines = 1; };
		85D5138918E4E45800D19D87 /* AppLinkReturnToRefererViewTests.m */ = {isa = PBXFileReference; fileEncoding = 4; lastKnownFileType = sourcecode.c.objc; path = AppLinkReturnToRefererViewTests.m; sourceTree = "<group>"; };
		85EEE11918FCAB370007510B /* BFAppLinkReturnToRefererController.h */ = {isa = PBXFileReference; fileEncoding = 4; lastKnownFileType = sourcecode.c.h; path = BFAppLinkReturnToRefererController.h; sourceTree = "<group>"; };
		85EEE11A18FCAB370007510B /* BFAppLinkReturnToRefererController.m */ = {isa = PBXFileReference; fileEncoding = 4; lastKnownFileType = sourcecode.c.objc; path = BFAppLinkReturnToRefererController.m; sourceTree = "<group>"; };
		85EEE11C18FCC2AF0007510B /* BFAppLinkReturnToRefererView_Internal.h */ = {isa = PBXFileReference; lastKnownFileType = sourcecode.c.h; path = BFAppLinkReturnToRefererView_Internal.h; sourceTree = "<group>"; };
		8E0B5CDA17E13B4C0066379B /* BoltsVersion.h */ = {isa = PBXFileReference; fileEncoding = 4; lastKnownFileType = sourcecode.c.h; path = BoltsVersion.h; sourceTree = "<group>"; };
		8E8C8ED217F23C3B00E3F1C7 /* XCTest.framework */ = {isa = PBXFileReference; lastKnownFileType = wrapper.framework; name = XCTest.framework; path = Library/Frameworks/XCTest.framework; sourceTree = DEVELOPER_DIR; };
		8E8C8ED917F23C3B00E3F1C7 /* BoltsTests-Info.plist */ = {isa = PBXFileReference; lastKnownFileType = text.plist.xml; path = "BoltsTests-Info.plist"; sourceTree = "<group>"; };
		8E8C8EDB17F23C3B00E3F1C7 /* en */ = {isa = PBXFileReference; lastKnownFileType = text.plist.strings; name = en; path = en.lproj/InfoPlist.strings; sourceTree = "<group>"; };
		8E8C8EDF17F23C3B00E3F1C7 /* BoltsTests-Prefix.pch */ = {isa = PBXFileReference; lastKnownFileType = sourcecode.c.h; path = "BoltsTests-Prefix.pch"; sourceTree = "<group>"; };
		8E8C8EE917F23D1D00E3F1C7 /* BoltsTests.xctest */ = {isa = PBXFileReference; explicitFileType = wrapper.cfbundle; includeInIndex = 0; path = BoltsTests.xctest; sourceTree = BUILT_PRODUCTS_DIR; };
		8E8C8F1917F241DA00E3F1C7 /* MacBoltsTests.xctest */ = {isa = PBXFileReference; explicitFileType = wrapper.cfbundle; includeInIndex = 0; path = MacBoltsTests.xctest; sourceTree = BUILT_PRODUCTS_DIR; };
		8E9C3CE917DE9DE000427E62 /* libBolts.a */ = {isa = PBXFileReference; explicitFileType = archive.ar; includeInIndex = 0; path = libBolts.a; sourceTree = BUILT_PRODUCTS_DIR; };
		8E9C3CEC17DE9DE000427E62 /* Foundation.framework */ = {isa = PBXFileReference; lastKnownFileType = wrapper.framework; name = Foundation.framework; path = System/Library/Frameworks/Foundation.framework; sourceTree = SDKROOT; };
		8E9C3CF017DE9DE000427E62 /* Bolts-Prefix.pch */ = {isa = PBXFileReference; lastKnownFileType = sourcecode.c.h; path = "Bolts-Prefix.pch"; sourceTree = "<group>"; };
		8E9C3CFB17DE9DE000427E62 /* SenTestingKit.framework */ = {isa = PBXFileReference; lastKnownFileType = wrapper.framework; name = SenTestingKit.framework; path = Library/Frameworks/SenTestingKit.framework; sourceTree = DEVELOPER_DIR; };
		8E9C3D1C17DE9F6500427E62 /* TaskTests.m */ = {isa = PBXFileReference; fileEncoding = 4; lastKnownFileType = sourcecode.c.objc; path = TaskTests.m; sourceTree = "<group>"; };
		8E9C3D1E17DEA35700427E62 /* BFTask.h */ = {isa = PBXFileReference; fileEncoding = 4; lastKnownFileType = sourcecode.c.h; path = BFTask.h; sourceTree = "<group>"; };
		8E9C3D1F17DEA35700427E62 /* BFTask.m */ = {isa = PBXFileReference; fileEncoding = 4; lastKnownFileType = sourcecode.c.objc; path = BFTask.m; sourceTree = "<group>"; };
		8E9C3D2017DEA35700427E62 /* BFTaskCompletionSource.h */ = {isa = PBXFileReference; fileEncoding = 4; lastKnownFileType = sourcecode.c.h; path = BFTaskCompletionSource.h; sourceTree = "<group>"; };
		8E9C3D2117DEA35700427E62 /* BFTaskCompletionSource.m */ = {isa = PBXFileReference; fileEncoding = 4; lastKnownFileType = sourcecode.c.objc; path = BFTaskCompletionSource.m; sourceTree = "<group>"; };
		8EA6BF661805CED500337041 /* Bolts.m */ = {isa = PBXFileReference; fileEncoding = 4; lastKnownFileType = sourcecode.c.objc; path = Bolts.m; sourceTree = "<group>"; };
		8EA6BF681805CF5600337041 /* BoltsTests.m */ = {isa = PBXFileReference; fileEncoding = 4; lastKnownFileType = sourcecode.c.objc; path = BoltsTests.m; sourceTree = "<group>"; };
		8EB2CB401805DDDB00323385 /* BFExecutor.h */ = {isa = PBXFileReference; fileEncoding = 4; lastKnownFileType = sourcecode.c.h; path = BFExecutor.h; sourceTree = "<group>"; };
		8EB2CB411805DDDB00323385 /* BFExecutor.m */ = {isa = PBXFileReference; fileEncoding = 4; lastKnownFileType = sourcecode.c.objc; path = BFExecutor.m; sourceTree = "<group>"; };
		8EDDA63517E17DDD00655F8A /* MacBolts.dylib */ = {isa = PBXFileReference; explicitFileType = archive.ar; includeInIndex = 0; path = MacBolts.dylib; sourceTree = BUILT_PRODUCTS_DIR; };
		8EE768A61803E32F009A53B1 /* Bolts.h */ = {isa = PBXFileReference; lastKnownFileType = sourcecode.c.h; path = Bolts.h; sourceTree = "<group>"; };
/* End PBXFileReference section */

/* Begin PBXFrameworksBuildPhase section */
		1EC3015D18CDAA8300D06D07 /* Frameworks */ = {
			isa = PBXFrameworksBuildPhase;
			buildActionMask = 2147483647;
			files = (
				1EC3016318CDAA8400D06D07 /* CoreGraphics.framework in Frameworks */,
				1EC3016518CDAA8400D06D07 /* UIKit.framework in Frameworks */,
				1EC3016118CDAA8400D06D07 /* Foundation.framework in Frameworks */,
			);
			runOnlyForDeploymentPostprocessing = 0;
		};
		8E8C8EE617F23D1D00E3F1C7 /* Frameworks */ = {
			isa = PBXFrameworksBuildPhase;
			buildActionMask = 2147483647;
			files = (
				1EC3019218CDB3CB00D06D07 /* UIKit.framework in Frameworks */,
				8E8C8EFC17F23E6E00E3F1C7 /* libBolts.a in Frameworks */,
				8E8C8EEA17F23D1D00E3F1C7 /* XCTest.framework in Frameworks */,
				8E8C8EEB17F23D1D00E3F1C7 /* Foundation.framework in Frameworks */,
			);
			runOnlyForDeploymentPostprocessing = 0;
		};
		8E8C8F1617F241DA00E3F1C7 /* Frameworks */ = {
			isa = PBXFrameworksBuildPhase;
			buildActionMask = 2147483647;
			files = (
				8E8C8F2A17F2420400E3F1C7 /* MacBolts.dylib in Frameworks */,
				8E8C8F1A17F241DA00E3F1C7 /* XCTest.framework in Frameworks */,
			);
			runOnlyForDeploymentPostprocessing = 0;
		};
		8E9C3CE617DE9DE000427E62 /* Frameworks */ = {
			isa = PBXFrameworksBuildPhase;
			buildActionMask = 2147483647;
			files = (
				1E45E47318DA788800D23509 /* UIKit.framework in Frameworks */,
				8E9C3CED17DE9DE000427E62 /* Foundation.framework in Frameworks */,
			);
			runOnlyForDeploymentPostprocessing = 0;
		};
		8EDDA62F17E17DDC00655F8A /* Frameworks */ = {
			isa = PBXFrameworksBuildPhase;
			buildActionMask = 2147483647;
			files = (
				8EDDA63017E17DDC00655F8A /* Foundation.framework in Frameworks */,
			);
			runOnlyForDeploymentPostprocessing = 0;
		};
/* End PBXFrameworksBuildPhase section */

/* Begin PBXGroup section */
		1EC3016618CDAA8400D06D07 /* BoltsTestUI */ = {
			isa = PBXGroup;
			children = (
				1EC3016F18CDAA8400D06D07 /* AppDelegate.h */,
				1EC3017018CDAA8400D06D07 /* AppDelegate.m */,
				1EC3017218CDAA8400D06D07 /* Images.xcassets */,
				1EC3016718CDAA8400D06D07 /* Supporting Files */,
			);
			path = BoltsTestUI;
			sourceTree = "<group>";
		};
		1EC3016718CDAA8400D06D07 /* Supporting Files */ = {
			isa = PBXGroup;
			children = (
				1EC3016818CDAA8400D06D07 /* BoltsTestUI-Info.plist */,
				1EC3016918CDAA8400D06D07 /* InfoPlist.strings */,
				1EC3016C18CDAA8400D06D07 /* main.m */,
				1EC3016E18CDAA8400D06D07 /* BoltsTestUI-Prefix.pch */,
				1E9BF8DB18EA0CAD00514B1E /* test.html */,
			);
			name = "Supporting Files";
			sourceTree = "<group>";
		};
		8E8C8ED717F23C3B00E3F1C7 /* BoltsTests */ = {
			isa = PBXGroup;
			children = (
				1EC3019018CDABCE00D06D07 /* AppLinkTests.m */,
				8EA6BF681805CF5600337041 /* BoltsTests.m */,
				8E8C8ED817F23C3B00E3F1C7 /* Supporting Files */,
				8E9C3D1C17DE9F6500427E62 /* TaskTests.m */,
				85D5138918E4E45800D19D87 /* AppLinkReturnToRefererViewTests.m */,
			);
			path = BoltsTests;
			sourceTree = "<group>";
		};
		8E8C8ED817F23C3B00E3F1C7 /* Supporting Files */ = {
			isa = PBXGroup;
			children = (
				8E8C8ED917F23C3B00E3F1C7 /* BoltsTests-Info.plist */,
				8E8C8EDA17F23C3B00E3F1C7 /* InfoPlist.strings */,
				8E8C8EDF17F23C3B00E3F1C7 /* BoltsTests-Prefix.pch */,
			);
			name = "Supporting Files";
			sourceTree = "<group>";
		};
		8E9C3CE017DE9DE000427E62 = {
			isa = PBXGroup;
			children = (
				8E9C3CEE17DE9DE000427E62 /* Bolts */,
				8E8C8ED717F23C3B00E3F1C7 /* BoltsTests */,
				1EC3016618CDAA8400D06D07 /* BoltsTestUI */,
				8E9C3CEB17DE9DE000427E62 /* Frameworks */,
				8E9C3CEA17DE9DE000427E62 /* Products */,
			);
			indentWidth = 4;
			sourceTree = "<group>";
			tabWidth = 4;
		};
		8E9C3CEA17DE9DE000427E62 /* Products */ = {
			isa = PBXGroup;
			children = (
				8E9C3CE917DE9DE000427E62 /* libBolts.a */,
				8EDDA63517E17DDD00655F8A /* MacBolts.dylib */,
				8E8C8EE917F23D1D00E3F1C7 /* BoltsTests.xctest */,
				8E8C8F1917F241DA00E3F1C7 /* MacBoltsTests.xctest */,
				1EC3016018CDAA8400D06D07 /* BoltsTestUI.app */,
			);
			name = Products;
			sourceTree = "<group>";
		};
		8E9C3CEB17DE9DE000427E62 /* Frameworks */ = {
			isa = PBXGroup;
			children = (
				8E9C3CEC17DE9DE000427E62 /* Foundation.framework */,
				8E9C3CFB17DE9DE000427E62 /* SenTestingKit.framework */,
				8E8C8ED217F23C3B00E3F1C7 /* XCTest.framework */,
				1EC3016218CDAA8400D06D07 /* CoreGraphics.framework */,
				1EC3016418CDAA8400D06D07 /* UIKit.framework */,
			);
			name = Frameworks;
			sourceTree = "<group>";
		};
		8E9C3CEE17DE9DE000427E62 /* Bolts */ = {
			isa = PBXGroup;
			children = (
				1E11AB7518C561E300522739 /* BFAppLink.h */,
				1E11AB7618C561E300522739 /* BFAppLink.m */,
				1E11AB7318C561E300522739 /* BFAppLinkNavigation.h */,
				1E11AB7418C561E300522739 /* BFAppLinkNavigation.m */,
				1EC3019318CDD79F00D06D07 /* BFAppLinkResolving.h */,
				85EEE11918FCAB370007510B /* BFAppLinkReturnToRefererController.h */,
				85EEE11A18FCAB370007510B /* BFAppLinkReturnToRefererController.m */,
				85D5138618E4E27700D19D87 /* BFAppLinkReturnToRefererView.h */,
				85D5138718E4E27700D19D87 /* BFAppLinkReturnToRefererView.m */,
				85EEE11C18FCC2AF0007510B /* BFAppLinkReturnToRefererView_Internal.h */,
				1E11AB7C18C7C50800522739 /* BFAppLinkTarget.h */,
				1E11AB7D18C7C50800522739 /* BFAppLinkTarget.m */,
				8EB2CB401805DDDB00323385 /* BFExecutor.h */,
				8EB2CB411805DDDB00323385 /* BFExecutor.m */,
				8E9C3D1E17DEA35700427E62 /* BFTask.h */,
				8E9C3D1F17DEA35700427E62 /* BFTask.m */,
				8E9C3D2017DEA35700427E62 /* BFTaskCompletionSource.h */,
				8E9C3D2117DEA35700427E62 /* BFTaskCompletionSource.m */,
				1E11AB7718C561E300522739 /* BFURL.h */,
				1E11AB7818C561E300522739 /* BFURL.m */,
				1EC3019418CDD8A500D06D07 /* BFWebViewAppLinkResolver.h */,
				1EC3019518CDD8A500D06D07 /* BFWebViewAppLinkResolver.m */,
				8EE768A61803E32F009A53B1 /* Bolts.h */,
				8EA6BF661805CED500337041 /* Bolts.m */,
				8E0B5CDA17E13B4C0066379B /* BoltsVersion.h */,
				8E9C3CEF17DE9DE000427E62 /* Supporting Files */,
				8550FD2D18EE1B7A00976B4B /* Localizable.strings */,
			);
			path = Bolts;
			sourceTree = "<group>";
		};
		8E9C3CEF17DE9DE000427E62 /* Supporting Files */ = {
			isa = PBXGroup;
			children = (
				8E9C3CF017DE9DE000427E62 /* Bolts-Prefix.pch */,
			);
			name = "Supporting Files";
			sourceTree = "<group>";
		};
/* End PBXGroup section */

/* Begin PBXNativeTarget section */
		1EC3015F18CDAA8300D06D07 /* BoltsTestUI */ = {
			isa = PBXNativeTarget;
			buildConfigurationList = 1EC3018E18CDAA8400D06D07 /* Build configuration list for PBXNativeTarget "BoltsTestUI" */;
			buildPhases = (
				1EC3015C18CDAA8300D06D07 /* Sources */,
				1EC3015D18CDAA8300D06D07 /* Frameworks */,
				1EC3015E18CDAA8300D06D07 /* Resources */,
			);
			buildRules = (
			);
			dependencies = (
			);
			name = BoltsTestUI;
			productName = BoltsTestUI;
			productReference = 1EC3016018CDAA8400D06D07 /* BoltsTestUI.app */;
			productType = "com.apple.product-type.application";
		};
		8E8C8EE817F23D1D00E3F1C7 /* BoltsTests */ = {
			isa = PBXNativeTarget;
			buildConfigurationList = 8E8C8EF817F23D1D00E3F1C7 /* Build configuration list for PBXNativeTarget "BoltsTests" */;
			buildPhases = (
				8E8C8EE517F23D1D00E3F1C7 /* Sources */,
				8E8C8EE617F23D1D00E3F1C7 /* Frameworks */,
				8E8C8EE717F23D1D00E3F1C7 /* Resources */,
			);
			buildRules = (
			);
			dependencies = (
				1E617A8A18DA0CA90056A4E2 /* PBXTargetDependency */,
				8E8C8EF717F23D1D00E3F1C7 /* PBXTargetDependency */,
			);
			name = BoltsTests;
			productName = BoltsTests;
			productReference = 8E8C8EE917F23D1D00E3F1C7 /* BoltsTests.xctest */;
			productType = "com.apple.product-type.bundle.unit-test";
		};
		8E8C8F1817F241DA00E3F1C7 /* MacBoltsTests */ = {
			isa = PBXNativeTarget;
			buildConfigurationList = 8E8C8F2617F241DA00E3F1C7 /* Build configuration list for PBXNativeTarget "MacBoltsTests" */;
			buildPhases = (
				8E8C8F1517F241DA00E3F1C7 /* Sources */,
				8E8C8F1617F241DA00E3F1C7 /* Frameworks */,
				8E8C8F1717F241DA00E3F1C7 /* Resources */,
			);
			buildRules = (
			);
			dependencies = (
				8E8C8F2517F241DA00E3F1C7 /* PBXTargetDependency */,
			);
			name = MacBoltsTests;
			productName = MacBoltsTests;
			productReference = 8E8C8F1917F241DA00E3F1C7 /* MacBoltsTests.xctest */;
			productType = "com.apple.product-type.bundle.unit-test";
		};
		8E9C3CE817DE9DE000427E62 /* Bolts */ = {
			isa = PBXNativeTarget;
			buildConfigurationList = 8E9C3D0E17DE9DE000427E62 /* Build configuration list for PBXNativeTarget "Bolts" */;
			buildPhases = (
				8E0B5CD717E139360066379B /* CopyFiles */,
				8E9C3CE517DE9DE000427E62 /* Sources */,
				8E9C3CE617DE9DE000427E62 /* Frameworks */,
				8E9C3CE717DE9DE000427E62 /* CopyFiles */,
			);
			buildRules = (
			);
			dependencies = (
			);
			name = Bolts;
			productName = Bolts;
			productReference = 8E9C3CE917DE9DE000427E62 /* libBolts.a */;
			productType = "com.apple.product-type.library.static";
		};
		8EDDA62817E17DDC00655F8A /* MacBolts */ = {
			isa = PBXNativeTarget;
			buildConfigurationList = 8EDDA63217E17DDC00655F8A /* Build configuration list for PBXNativeTarget "MacBolts" */;
			buildPhases = (
				8EDDA62917E17DDC00655F8A /* CopyFiles */,
				8EDDA62C17E17DDC00655F8A /* Sources */,
				8EDDA62F17E17DDC00655F8A /* Frameworks */,
				8EDDA63117E17DDC00655F8A /* CopyFiles */,
			);
			buildRules = (
			);
			dependencies = (
			);
			name = MacBolts;
			productName = Bolts;
			productReference = 8EDDA63517E17DDD00655F8A /* MacBolts.dylib */;
			productType = "com.apple.product-type.library.static";
		};
/* End PBXNativeTarget section */

/* Begin PBXProject section */
		8E9C3CE117DE9DE000427E62 /* Project object */ = {
			isa = PBXProject;
			attributes = {
				LastUpgradeCheck = 0500;
				ORGANIZATIONNAME = "Parse Inc.";
				TargetAttributes = {
					8E8C8EE817F23D1D00E3F1C7 = {
						TestTargetID = 1EC3015F18CDAA8300D06D07;
					};
					8E8C8F1817F241DA00E3F1C7 = {
						TestTargetID = 8EDDA62817E17DDC00655F8A;
					};
				};
			};
			buildConfigurationList = 8E9C3CE417DE9DE000427E62 /* Build configuration list for PBXProject "Bolts" */;
			compatibilityVersion = "Xcode 3.2";
			developmentRegion = English;
			hasScannedForEncodings = 0;
			knownRegions = (
				en,
			);
			mainGroup = 8E9C3CE017DE9DE000427E62;
			productRefGroup = 8E9C3CEA17DE9DE000427E62 /* Products */;
			projectDirPath = "";
			projectRoot = "";
			targets = (
				8E9C3CE817DE9DE000427E62 /* Bolts */,
				8EDDA62817E17DDC00655F8A /* MacBolts */,
				8E8C8EE817F23D1D00E3F1C7 /* BoltsTests */,
				8E8C8F1817F241DA00E3F1C7 /* MacBoltsTests */,
				1EC3015F18CDAA8300D06D07 /* BoltsTestUI */,
			);
		};
/* End PBXProject section */

/* Begin PBXResourcesBuildPhase section */
		1EC3015E18CDAA8300D06D07 /* Resources */ = {
			isa = PBXResourcesBuildPhase;
			buildActionMask = 2147483647;
			files = (
				1EC3016B18CDAA8400D06D07 /* InfoPlist.strings in Resources */,
				1EC3017318CDAA8400D06D07 /* Images.xcassets in Resources */,
				1E9BF8DC18EA0CAD00514B1E /* test.html in Resources */,
			);
			runOnlyForDeploymentPostprocessing = 0;
		};
		8E8C8EE717F23D1D00E3F1C7 /* Resources */ = {
			isa = PBXResourcesBuildPhase;
			buildActionMask = 2147483647;
			files = (
			);
			runOnlyForDeploymentPostprocessing = 0;
		};
		8E8C8F1717F241DA00E3F1C7 /* Resources */ = {
			isa = PBXResourcesBuildPhase;
			buildActionMask = 2147483647;
			files = (
			);
			runOnlyForDeploymentPostprocessing = 0;
		};
/* End PBXResourcesBuildPhase section */

/* Begin PBXSourcesBuildPhase section */
		1EC3015C18CDAA8300D06D07 /* Sources */ = {
			isa = PBXSourcesBuildPhase;
			buildActionMask = 2147483647;
			files = (
				1EC3017118CDAA8400D06D07 /* AppDelegate.m in Sources */,
				1EC3016D18CDAA8400D06D07 /* main.m in Sources */,
			);
			runOnlyForDeploymentPostprocessing = 0;
		};
		8E8C8EE517F23D1D00E3F1C7 /* Sources */ = {
			isa = PBXSourcesBuildPhase;
			buildActionMask = 2147483647;
			files = (
				1EC3019118CDABCE00D06D07 /* AppLinkTests.m in Sources */,
				85D5138A18E4E45800D19D87 /* AppLinkReturnToRefererViewTests.m in Sources */,
				8EA6BF691805CF5600337041 /* BoltsTests.m in Sources */,
				8E8C8EFB17F23E5F00E3F1C7 /* TaskTests.m in Sources */,
			);
			runOnlyForDeploymentPostprocessing = 0;
		};
		8E8C8F1517F241DA00E3F1C7 /* Sources */ = {
			isa = PBXSourcesBuildPhase;
			buildActionMask = 2147483647;
			files = (
				8E17EC271805D0A40049E862 /* BoltsTests.m in Sources */,
				8E8C8F2917F241FF00E3F1C7 /* TaskTests.m in Sources */,
			);
			runOnlyForDeploymentPostprocessing = 0;
		};
		8E9C3CE517DE9DE000427E62 /* Sources */ = {
			isa = PBXSourcesBuildPhase;
			buildActionMask = 2147483647;
			files = (
				8EA6BF671805CED500337041 /* Bolts.m in Sources */,
				1E11AB7A18C561E300522739 /* BFAppLink.m in Sources */,
				1E11AB7E18C7C50800522739 /* BFAppLinkTarget.m in Sources */,
				8E9C3D2217DEA35700427E62 /* BFTask.m in Sources */,
				1E11AB7B18C561E300522739 /* BFURL.m in Sources */,
				8EB2CB421805DDDB00323385 /* BFExecutor.m in Sources */,
				8E9C3D2417DEA35700427E62 /* BFTaskCompletionSource.m in Sources */,
				85EEE11B18FCAB370007510B /* BFAppLinkReturnToRefererController.m in Sources */,
				1EC3019618CDD8A500D06D07 /* BFWebViewAppLinkResolver.m in Sources */,
				1E11AB7918C561E300522739 /* BFAppLinkNavigation.m in Sources */,
				85D5138818E4E27700D19D87 /* BFAppLinkReturnToRefererView.m in Sources */,
			);
			runOnlyForDeploymentPostprocessing = 0;
		};
		8EDDA62C17E17DDC00655F8A /* Sources */ = {
			isa = PBXSourcesBuildPhase;
			buildActionMask = 2147483647;
			files = (
				8E42701E1805E59A000B84ED /* BFExecutor.m in Sources */,
				8E17EC261805D0960049E862 /* Bolts.m in Sources */,
				8EDDA62D17E17DDC00655F8A /* BFTask.m in Sources */,
				8EDDA62E17E17DDC00655F8A /* BFTaskCompletionSource.m in Sources */,
			);
			runOnlyForDeploymentPostprocessing = 0;
		};
/* End PBXSourcesBuildPhase section */

/* Begin PBXTargetDependency section */
		1E617A8A18DA0CA90056A4E2 /* PBXTargetDependency */ = {
			isa = PBXTargetDependency;
			target = 1EC3015F18CDAA8300D06D07 /* BoltsTestUI */;
			targetProxy = 1E617A8918DA0CA90056A4E2 /* PBXContainerItemProxy */;
		};
		8E8C8EF717F23D1D00E3F1C7 /* PBXTargetDependency */ = {
			isa = PBXTargetDependency;
			target = 8E9C3CE817DE9DE000427E62 /* Bolts */;
			targetProxy = 8E8C8EF617F23D1D00E3F1C7 /* PBXContainerItemProxy */;
		};
		8E8C8F2517F241DA00E3F1C7 /* PBXTargetDependency */ = {
			isa = PBXTargetDependency;
			target = 8EDDA62817E17DDC00655F8A /* MacBolts */;
			targetProxy = 8E8C8F2417F241DA00E3F1C7 /* PBXContainerItemProxy */;
		};
/* End PBXTargetDependency section */

/* Begin PBXVariantGroup section */
		1EC3016918CDAA8400D06D07 /* InfoPlist.strings */ = {
			isa = PBXVariantGroup;
			children = (
				1EC3016A18CDAA8400D06D07 /* en */,
			);
			name = InfoPlist.strings;
			sourceTree = "<group>";
		};
		8550FD2D18EE1B7A00976B4B /* Localizable.strings */ = {
			isa = PBXVariantGroup;
			children = (
				8550FD2E18EE1B7A00976B4B /* en */,
			);
			name = Localizable.strings;
			sourceTree = "<group>";
		};
		8E8C8EDA17F23C3B00E3F1C7 /* InfoPlist.strings */ = {
			isa = PBXVariantGroup;
			children = (
				8E8C8EDB17F23C3B00E3F1C7 /* en */,
			);
			name = InfoPlist.strings;
			sourceTree = "<group>";
		};
/* End PBXVariantGroup section */

/* Begin XCBuildConfiguration section */
		1EC3018618CDAA8400D06D07 /* Debug */ = {
			isa = XCBuildConfiguration;
			buildSettings = {
				ARCHS = "$(ARCHS_STANDARD_INCLUDING_64_BIT)";
				ASSETCATALOG_COMPILER_APPICON_NAME = AppIcon;
				ASSETCATALOG_COMPILER_LAUNCHIMAGE_NAME = LaunchImage;
				CLANG_ENABLE_MODULES = YES;
				CLANG_WARN_BOOL_CONVERSION = YES;
				CLANG_WARN_DIRECT_OBJC_ISA_USAGE = YES_ERROR;
				CLANG_WARN_OBJC_ROOT_CLASS = YES_ERROR;
				"CODE_SIGN_IDENTITY[sdk=iphoneos*]" = "iPhone Developer";
				GCC_PRECOMPILE_PREFIX_HEADER = YES;
				GCC_PREFIX_HEADER = "BoltsTestUI/BoltsTestUI-Prefix.pch";
				GCC_PREPROCESSOR_DEFINITIONS = (
					"DEBUG=1",
					"$(inherited)",
				);
				GCC_WARN_64_TO_32_BIT_CONVERSION = YES;
				GCC_WARN_ABOUT_RETURN_TYPE = YES_ERROR;
				GCC_WARN_UNDECLARED_SELECTOR = YES;
				GCC_WARN_UNUSED_FUNCTION = YES;
				INFOPLIST_FILE = "BoltsTestUI/BoltsTestUI-Info.plist";
				ONLY_ACTIVE_ARCH = YES;
				PRODUCT_NAME = "$(TARGET_NAME)";
				TARGETED_DEVICE_FAMILY = "1,2";
				WRAPPER_EXTENSION = app;
			};
			name = Debug;
		};
		1EC3018718CDAA8400D06D07 /* Debug64 */ = {
			isa = XCBuildConfiguration;
			buildSettings = {
				ARCHS = (
					arm64,
					x86_64,
				);
				ASSETCATALOG_COMPILER_APPICON_NAME = AppIcon;
				ASSETCATALOG_COMPILER_LAUNCHIMAGE_NAME = LaunchImage;
				CLANG_ENABLE_MODULES = YES;
				CLANG_WARN_BOOL_CONVERSION = YES;
				CLANG_WARN_DIRECT_OBJC_ISA_USAGE = YES_ERROR;
				CLANG_WARN_OBJC_ROOT_CLASS = YES_ERROR;
				"CODE_SIGN_IDENTITY[sdk=iphoneos*]" = "iPhone Developer";
				GCC_PRECOMPILE_PREFIX_HEADER = YES;
				GCC_PREFIX_HEADER = "BoltsTestUI/BoltsTestUI-Prefix.pch";
				GCC_PREPROCESSOR_DEFINITIONS = (
					"DEBUG=1",
					"$(inherited)",
				);
				GCC_WARN_64_TO_32_BIT_CONVERSION = YES;
				GCC_WARN_ABOUT_RETURN_TYPE = YES_ERROR;
				GCC_WARN_UNDECLARED_SELECTOR = YES;
				GCC_WARN_UNUSED_FUNCTION = YES;
				INFOPLIST_FILE = "BoltsTestUI/BoltsTestUI-Info.plist";
				ONLY_ACTIVE_ARCH = YES;
				PRODUCT_NAME = "$(TARGET_NAME)";
				TARGETED_DEVICE_FAMILY = "1,2";
				WRAPPER_EXTENSION = app;
			};
			name = Debug64;
		};
		1EC3018818CDAA8400D06D07 /* Release */ = {
			isa = XCBuildConfiguration;
			buildSettings = {
				ARCHS = "$(ARCHS_STANDARD_INCLUDING_64_BIT)";
				ASSETCATALOG_COMPILER_APPICON_NAME = AppIcon;
				ASSETCATALOG_COMPILER_LAUNCHIMAGE_NAME = LaunchImage;
				CLANG_ENABLE_MODULES = YES;
				CLANG_WARN_BOOL_CONVERSION = YES;
				CLANG_WARN_DIRECT_OBJC_ISA_USAGE = YES_ERROR;
				CLANG_WARN_OBJC_ROOT_CLASS = YES_ERROR;
				"CODE_SIGN_IDENTITY[sdk=iphoneos*]" = "iPhone Developer";
				ENABLE_NS_ASSERTIONS = NO;
				GCC_PRECOMPILE_PREFIX_HEADER = YES;
				GCC_PREFIX_HEADER = "BoltsTestUI/BoltsTestUI-Prefix.pch";
				GCC_WARN_64_TO_32_BIT_CONVERSION = YES;
				GCC_WARN_ABOUT_RETURN_TYPE = YES_ERROR;
				GCC_WARN_UNDECLARED_SELECTOR = YES;
				GCC_WARN_UNUSED_FUNCTION = YES;
				INFOPLIST_FILE = "BoltsTestUI/BoltsTestUI-Info.plist";
				PRODUCT_NAME = "$(TARGET_NAME)";
				TARGETED_DEVICE_FAMILY = "1,2";
				WRAPPER_EXTENSION = app;
			};
			name = Release;
		};
		1EC3018918CDAA8400D06D07 /* Release64 */ = {
			isa = XCBuildConfiguration;
			buildSettings = {
				ARCHS = (
					arm64,
					x86_64,
				);
				ASSETCATALOG_COMPILER_APPICON_NAME = AppIcon;
				ASSETCATALOG_COMPILER_LAUNCHIMAGE_NAME = LaunchImage;
				CLANG_ENABLE_MODULES = YES;
				CLANG_WARN_BOOL_CONVERSION = YES;
				CLANG_WARN_DIRECT_OBJC_ISA_USAGE = YES_ERROR;
				CLANG_WARN_OBJC_ROOT_CLASS = YES_ERROR;
				"CODE_SIGN_IDENTITY[sdk=iphoneos*]" = "iPhone Developer";
				ENABLE_NS_ASSERTIONS = NO;
				GCC_PRECOMPILE_PREFIX_HEADER = YES;
				GCC_PREFIX_HEADER = "BoltsTestUI/BoltsTestUI-Prefix.pch";
				GCC_WARN_64_TO_32_BIT_CONVERSION = YES;
				GCC_WARN_ABOUT_RETURN_TYPE = YES_ERROR;
				GCC_WARN_UNDECLARED_SELECTOR = YES;
				GCC_WARN_UNUSED_FUNCTION = YES;
				INFOPLIST_FILE = "BoltsTestUI/BoltsTestUI-Info.plist";
				PRODUCT_NAME = "$(TARGET_NAME)";
				TARGETED_DEVICE_FAMILY = "1,2";
				WRAPPER_EXTENSION = app;
			};
			name = Release64;
		};
		8E8C8EF917F23D1D00E3F1C7 /* Debug */ = {
			isa = XCBuildConfiguration;
			buildSettings = {
				ARCHS = (
					i386,
					armv7s,
					armv7,
				);
				BUNDLE_LOADER = "$(BUILT_PRODUCTS_DIR)/BoltsTestUI.app/BoltsTestUI";
				CLANG_ENABLE_MODULES = YES;
				CLANG_WARN_BOOL_CONVERSION = YES;
				CLANG_WARN_DIRECT_OBJC_ISA_USAGE = YES_ERROR;
				CLANG_WARN_OBJC_ROOT_CLASS = YES_ERROR;
				FRAMEWORK_SEARCH_PATHS = (
					"$(SDKROOT)/Developer/Library/Frameworks",
					"$(inherited)",
					"$(DEVELOPER_FRAMEWORKS_DIR)",
				);
				GCC_PRECOMPILE_PREFIX_HEADER = YES;
				GCC_PREFIX_HEADER = "BoltsTests/BoltsTests-Prefix.pch";
				GCC_PREPROCESSOR_DEFINITIONS = (
					"DEBUG=1",
					"$(inherited)",
				);
				GCC_WARN_64_TO_32_BIT_CONVERSION = YES;
				GCC_WARN_ABOUT_RETURN_TYPE = YES_ERROR;
				GCC_WARN_UNDECLARED_SELECTOR = YES;
				GCC_WARN_UNUSED_FUNCTION = YES;
				INFOPLIST_FILE = "BoltsTests/BoltsTests-Info.plist";
				IPHONEOS_DEPLOYMENT_TARGET = 5.0;
				PRODUCT_NAME = "$(TARGET_NAME)";
				TEST_HOST = "$(BUNDLE_LOADER)";
				WRAPPER_EXTENSION = xctest;
			};
			name = Debug;
		};
		8E8C8EFA17F23D1D00E3F1C7 /* Release */ = {
			isa = XCBuildConfiguration;
			buildSettings = {
				ARCHS = (
					i386,
					armv7s,
					armv7,
				);
				BUNDLE_LOADER = "$(BUILT_PRODUCTS_DIR)/BoltsTestUI.app/BoltsTestUI";
				CLANG_ENABLE_MODULES = YES;
				CLANG_WARN_BOOL_CONVERSION = YES;
				CLANG_WARN_DIRECT_OBJC_ISA_USAGE = YES_ERROR;
				CLANG_WARN_OBJC_ROOT_CLASS = YES_ERROR;
				ENABLE_NS_ASSERTIONS = NO;
				FRAMEWORK_SEARCH_PATHS = (
					"$(SDKROOT)/Developer/Library/Frameworks",
					"$(inherited)",
					"$(DEVELOPER_FRAMEWORKS_DIR)",
				);
				GCC_PRECOMPILE_PREFIX_HEADER = YES;
				GCC_PREFIX_HEADER = "BoltsTests/BoltsTests-Prefix.pch";
				GCC_WARN_64_TO_32_BIT_CONVERSION = YES;
				GCC_WARN_ABOUT_RETURN_TYPE = YES_ERROR;
				GCC_WARN_UNDECLARED_SELECTOR = YES;
				GCC_WARN_UNUSED_FUNCTION = YES;
				INFOPLIST_FILE = "BoltsTests/BoltsTests-Info.plist";
				IPHONEOS_DEPLOYMENT_TARGET = 5.0;
				PRODUCT_NAME = "$(TARGET_NAME)";
				TEST_HOST = "$(BUNDLE_LOADER)";
				WRAPPER_EXTENSION = xctest;
			};
			name = Release;
		};
		8E8C8F2717F241DA00E3F1C7 /* Debug */ = {
			isa = XCBuildConfiguration;
			buildSettings = {
				CLANG_WARN_BOOL_CONVERSION = YES;
				CLANG_WARN_DIRECT_OBJC_ISA_USAGE = YES_ERROR;
				CLANG_WARN_OBJC_ROOT_CLASS = YES_ERROR;
				FRAMEWORK_SEARCH_PATHS = (
					"$(DEVELOPER_FRAMEWORKS_DIR)",
					"$(inherited)",
				);
				GCC_ENABLE_OBJC_EXCEPTIONS = YES;
				GCC_PRECOMPILE_PREFIX_HEADER = YES;
				GCC_PREFIX_HEADER = "BoltsTests/BoltsTests-Prefix.pch";
				GCC_PREPROCESSOR_DEFINITIONS = (
					"DEBUG=1",
					"$(inherited)",
				);
				GCC_WARN_64_TO_32_BIT_CONVERSION = YES;
				GCC_WARN_ABOUT_RETURN_TYPE = YES_ERROR;
				GCC_WARN_UNDECLARED_SELECTOR = YES;
				GCC_WARN_UNUSED_FUNCTION = YES;
				INFOPLIST_FILE = "BoltsTests/BoltsTests-Info.plist";
				MACOSX_DEPLOYMENT_TARGET = 10.8;
				PRODUCT_NAME = "$(TARGET_NAME)";
				SDKROOT = macosx;
				WRAPPER_EXTENSION = xctest;
			};
			name = Debug;
		};
		8E8C8F2817F241DA00E3F1C7 /* Release */ = {
			isa = XCBuildConfiguration;
			buildSettings = {
				CLANG_WARN_BOOL_CONVERSION = YES;
				CLANG_WARN_DIRECT_OBJC_ISA_USAGE = YES_ERROR;
				CLANG_WARN_OBJC_ROOT_CLASS = YES_ERROR;
				DEBUG_INFORMATION_FORMAT = "dwarf-with-dsym";
				ENABLE_NS_ASSERTIONS = NO;
				FRAMEWORK_SEARCH_PATHS = (
					"$(DEVELOPER_FRAMEWORKS_DIR)",
					"$(inherited)",
				);
				GCC_ENABLE_OBJC_EXCEPTIONS = YES;
				GCC_PRECOMPILE_PREFIX_HEADER = YES;
				GCC_PREFIX_HEADER = "BoltsTests/BoltsTests-Prefix.pch";
				GCC_WARN_64_TO_32_BIT_CONVERSION = YES;
				GCC_WARN_ABOUT_RETURN_TYPE = YES_ERROR;
				GCC_WARN_UNDECLARED_SELECTOR = YES;
				GCC_WARN_UNUSED_FUNCTION = YES;
				INFOPLIST_FILE = "BoltsTests/BoltsTests-Info.plist";
				MACOSX_DEPLOYMENT_TARGET = 10.8;
				PRODUCT_NAME = "$(TARGET_NAME)";
				SDKROOT = macosx;
				WRAPPER_EXTENSION = xctest;
			};
			name = Release;
		};
		8E9C3D0C17DE9DE000427E62 /* Debug */ = {
			isa = XCBuildConfiguration;
			buildSettings = {
				ALWAYS_SEARCH_USER_PATHS = NO;
				CLANG_CXX_LANGUAGE_STANDARD = "gnu++0x";
				CLANG_CXX_LIBRARY = "libc++";
				CLANG_ENABLE_OBJC_ARC = YES;
				CLANG_WARN_CONSTANT_CONVERSION = YES;
				CLANG_WARN_EMPTY_BODY = YES;
				CLANG_WARN_ENUM_CONVERSION = YES;
				CLANG_WARN_INT_CONVERSION = YES;
				CLANG_WARN__DUPLICATE_METHOD_MATCH = YES;
				COPY_PHASE_STRIP = NO;
				GCC_C_LANGUAGE_STANDARD = gnu99;
				GCC_DYNAMIC_NO_PIC = NO;
				GCC_OPTIMIZATION_LEVEL = 0;
				GCC_PREPROCESSOR_DEFINITIONS = (
					"DEBUG=1",
					"$(inherited)",
				);
				GCC_SYMBOLS_PRIVATE_EXTERN = NO;
				GCC_WARN_ABOUT_RETURN_TYPE = YES;
				GCC_WARN_UNINITIALIZED_AUTOS = YES;
				GCC_WARN_UNUSED_VARIABLE = YES;
				IPHONEOS_DEPLOYMENT_TARGET = 7.0;
				ONLY_ACTIVE_ARCH = NO;
				SDKROOT = iphoneos;
			};
			name = Debug;
		};
		8E9C3D0D17DE9DE000427E62 /* Release */ = {
			isa = XCBuildConfiguration;
			buildSettings = {
				ALWAYS_SEARCH_USER_PATHS = NO;
				CLANG_CXX_LANGUAGE_STANDARD = "gnu++0x";
				CLANG_CXX_LIBRARY = "libc++";
				CLANG_ENABLE_OBJC_ARC = YES;
				CLANG_WARN_CONSTANT_CONVERSION = YES;
				CLANG_WARN_EMPTY_BODY = YES;
				CLANG_WARN_ENUM_CONVERSION = YES;
				CLANG_WARN_INT_CONVERSION = YES;
				CLANG_WARN__DUPLICATE_METHOD_MATCH = YES;
				COPY_PHASE_STRIP = YES;
				GCC_C_LANGUAGE_STANDARD = gnu99;
				GCC_WARN_ABOUT_RETURN_TYPE = YES;
				GCC_WARN_UNINITIALIZED_AUTOS = YES;
				GCC_WARN_UNUSED_VARIABLE = YES;
				IPHONEOS_DEPLOYMENT_TARGET = 7.0;
				SDKROOT = iphoneos;
				VALIDATE_PRODUCT = YES;
			};
			name = Release;
		};
		8E9C3D0F17DE9DE000427E62 /* Debug */ = {
			isa = XCBuildConfiguration;
			buildSettings = {
				ARCHS = (
					armv7,
					armv7s,
					i386,
				);
				DSTROOT = /tmp/Bolts.dst;
				GCC_PRECOMPILE_PREFIX_HEADER = YES;
				GCC_PREFIX_HEADER = "Bolts/Bolts-Prefix.pch";
				IPHONEOS_DEPLOYMENT_TARGET = 5.0;
				OTHER_LDFLAGS = "-ObjC";
				PRODUCT_NAME = "$(TARGET_NAME)";
				SKIP_INSTALL = YES;
			};
			name = Debug;
		};
		8E9C3D1017DE9DE000427E62 /* Release */ = {
			isa = XCBuildConfiguration;
			buildSettings = {
				ARCHS = (
					armv7,
					armv7s,
					i386,
				);
				DSTROOT = /tmp/Bolts.dst;
				GCC_PRECOMPILE_PREFIX_HEADER = YES;
				GCC_PREFIX_HEADER = "Bolts/Bolts-Prefix.pch";
				IPHONEOS_DEPLOYMENT_TARGET = 5.0;
				OTHER_LDFLAGS = "-ObjC";
				PRODUCT_NAME = "$(TARGET_NAME)";
				SKIP_INSTALL = YES;
			};
			name = Release;
		};
		8EDDA63317E17DDC00655F8A /* Debug */ = {
			isa = XCBuildConfiguration;
			buildSettings = {
				EXECUTABLE_EXTENSION = dylib;
				EXECUTABLE_PREFIX = "";
				GCC_PRECOMPILE_PREFIX_HEADER = YES;
				GCC_PREFIX_HEADER = "Bolts/Bolts-Prefix.pch";
				INSTALL_PATH = "@executable_path/../Frameworks";
				LD_DYLIB_INSTALL_NAME = "$(DYLIB_INSTALL_NAME_BASE:standardizepath)/$(EXECUTABLE_PATH)";
				MACH_O_TYPE = mh_dylib;
				OTHER_LDFLAGS = "-ObjC";
				PRODUCT_NAME = MacBolts;
				SDKROOT = macosx;
				SKIP_INSTALL = YES;
			};
			name = Debug;
		};
		8EDDA63417E17DDC00655F8A /* Release */ = {
			isa = XCBuildConfiguration;
			buildSettings = {
				EXECUTABLE_EXTENSION = dylib;
				EXECUTABLE_PREFIX = "";
				GCC_PRECOMPILE_PREFIX_HEADER = YES;
				GCC_PREFIX_HEADER = "Bolts/Bolts-Prefix.pch";
				INSTALL_PATH = "@executable_path/../Frameworks";
				LD_DYLIB_INSTALL_NAME = "@executable_path/../Frameworks/Bolts.framework/Bolts";
				MACH_O_TYPE = mh_dylib;
				OTHER_LDFLAGS = "-ObjC";
				PRODUCT_NAME = MacBolts;
				SDKROOT = macosx;
				SKIP_INSTALL = YES;
			};
			name = Release;
		};
		8EF746C617F26365006AF112 /* Debug64 */ = {
			isa = XCBuildConfiguration;
			buildSettings = {
				ALWAYS_SEARCH_USER_PATHS = NO;
				CLANG_CXX_LANGUAGE_STANDARD = "gnu++0x";
				CLANG_CXX_LIBRARY = "libc++";
				CLANG_ENABLE_OBJC_ARC = YES;
				CLANG_WARN_CONSTANT_CONVERSION = YES;
				CLANG_WARN_EMPTY_BODY = YES;
				CLANG_WARN_ENUM_CONVERSION = YES;
				CLANG_WARN_INT_CONVERSION = YES;
				CLANG_WARN__DUPLICATE_METHOD_MATCH = YES;
				COPY_PHASE_STRIP = NO;
				GCC_C_LANGUAGE_STANDARD = gnu99;
				GCC_DYNAMIC_NO_PIC = NO;
				GCC_OPTIMIZATION_LEVEL = 0;
				GCC_PREPROCESSOR_DEFINITIONS = (
					"DEBUG=1",
					"$(inherited)",
				);
				GCC_SYMBOLS_PRIVATE_EXTERN = NO;
				GCC_WARN_ABOUT_RETURN_TYPE = YES;
				GCC_WARN_UNINITIALIZED_AUTOS = YES;
				GCC_WARN_UNUSED_VARIABLE = YES;
				IPHONEOS_DEPLOYMENT_TARGET = 7.0;
				ONLY_ACTIVE_ARCH = NO;
				SDKROOT = iphoneos;
			};
			name = Debug64;
		};
		8EF746C717F26365006AF112 /* Debug64 */ = {
			isa = XCBuildConfiguration;
			buildSettings = {
				ARCHS = (
					arm64,
					x86_64,
				);
				DSTROOT = /tmp/Bolts.dst;
				GCC_PRECOMPILE_PREFIX_HEADER = YES;
				GCC_PREFIX_HEADER = "Bolts/Bolts-Prefix.pch";
				IPHONEOS_DEPLOYMENT_TARGET = 7.0;
				OTHER_LDFLAGS = "-ObjC";
				PRODUCT_NAME = "$(TARGET_NAME)";
				SKIP_INSTALL = YES;
			};
			name = Debug64;
		};
		8EF746C817F26365006AF112 /* Debug64 */ = {
			isa = XCBuildConfiguration;
			buildSettings = {
				EXECUTABLE_EXTENSION = dylib;
				EXECUTABLE_PREFIX = "";
				GCC_PRECOMPILE_PREFIX_HEADER = YES;
				GCC_PREFIX_HEADER = "Bolts/Bolts-Prefix.pch";
				INSTALL_PATH = "@executable_path/../Frameworks";
				LD_DYLIB_INSTALL_NAME = "$(DYLIB_INSTALL_NAME_BASE:standardizepath)/$(EXECUTABLE_PATH)";
				MACH_O_TYPE = mh_dylib;
				OTHER_LDFLAGS = "-ObjC";
				PRODUCT_NAME = MacBolts;
				SDKROOT = macosx;
				SKIP_INSTALL = YES;
			};
			name = Debug64;
		};
		8EF746C917F26365006AF112 /* Debug64 */ = {
			isa = XCBuildConfiguration;
			buildSettings = {
				ARCHS = (
					arm64,
					x86_64,
				);
				BUNDLE_LOADER = "$(BUILT_PRODUCTS_DIR)/BoltsTestUI.app/BoltsTestUI";
				CLANG_ENABLE_MODULES = YES;
				CLANG_WARN_BOOL_CONVERSION = YES;
				CLANG_WARN_DIRECT_OBJC_ISA_USAGE = YES_ERROR;
				CLANG_WARN_OBJC_ROOT_CLASS = YES_ERROR;
				FRAMEWORK_SEARCH_PATHS = (
					"$(SDKROOT)/Developer/Library/Frameworks",
					"$(inherited)",
					"$(DEVELOPER_FRAMEWORKS_DIR)",
				);
				GCC_PRECOMPILE_PREFIX_HEADER = YES;
				GCC_PREFIX_HEADER = "BoltsTests/BoltsTests-Prefix.pch";
				GCC_PREPROCESSOR_DEFINITIONS = (
					"DEBUG=1",
					"$(inherited)",
				);
				GCC_WARN_64_TO_32_BIT_CONVERSION = YES;
				GCC_WARN_ABOUT_RETURN_TYPE = YES_ERROR;
				GCC_WARN_UNDECLARED_SELECTOR = YES;
				GCC_WARN_UNUSED_FUNCTION = YES;
				INFOPLIST_FILE = "BoltsTests/BoltsTests-Info.plist";
				IPHONEOS_DEPLOYMENT_TARGET = 7.0;
				PRODUCT_NAME = "$(TARGET_NAME)";
				TEST_HOST = "$(BUNDLE_LOADER)";
				WRAPPER_EXTENSION = xctest;
			};
			name = Debug64;
		};
		8EF746CA17F26365006AF112 /* Debug64 */ = {
			isa = XCBuildConfiguration;
			buildSettings = {
				CLANG_WARN_BOOL_CONVERSION = YES;
				CLANG_WARN_DIRECT_OBJC_ISA_USAGE = YES_ERROR;
				CLANG_WARN_OBJC_ROOT_CLASS = YES_ERROR;
				FRAMEWORK_SEARCH_PATHS = (
					"$(DEVELOPER_FRAMEWORKS_DIR)",
					"$(inherited)",
				);
				GCC_ENABLE_OBJC_EXCEPTIONS = YES;
				GCC_PRECOMPILE_PREFIX_HEADER = YES;
				GCC_PREFIX_HEADER = "BoltsTests/BoltsTests-Prefix.pch";
				GCC_PREPROCESSOR_DEFINITIONS = (
					"DEBUG=1",
					"$(inherited)",
				);
				GCC_WARN_64_TO_32_BIT_CONVERSION = YES;
				GCC_WARN_ABOUT_RETURN_TYPE = YES_ERROR;
				GCC_WARN_UNDECLARED_SELECTOR = YES;
				GCC_WARN_UNUSED_FUNCTION = YES;
				INFOPLIST_FILE = "BoltsTests/BoltsTests-Info.plist";
				MACOSX_DEPLOYMENT_TARGET = 10.8;
				PRODUCT_NAME = "$(TARGET_NAME)";
				SDKROOT = macosx;
				WRAPPER_EXTENSION = xctest;
			};
			name = Debug64;
		};
		8EF746CB17F2636F006AF112 /* Release64 */ = {
			isa = XCBuildConfiguration;
			buildSettings = {
				ALWAYS_SEARCH_USER_PATHS = NO;
				CLANG_CXX_LANGUAGE_STANDARD = "gnu++0x";
				CLANG_CXX_LIBRARY = "libc++";
				CLANG_ENABLE_OBJC_ARC = YES;
				CLANG_WARN_CONSTANT_CONVERSION = YES;
				CLANG_WARN_EMPTY_BODY = YES;
				CLANG_WARN_ENUM_CONVERSION = YES;
				CLANG_WARN_INT_CONVERSION = YES;
				CLANG_WARN__DUPLICATE_METHOD_MATCH = YES;
				COPY_PHASE_STRIP = YES;
				GCC_C_LANGUAGE_STANDARD = gnu99;
				GCC_WARN_ABOUT_RETURN_TYPE = YES;
				GCC_WARN_UNINITIALIZED_AUTOS = YES;
				GCC_WARN_UNUSED_VARIABLE = YES;
				IPHONEOS_DEPLOYMENT_TARGET = 7.0;
				SDKROOT = iphoneos;
				VALIDATE_PRODUCT = YES;
			};
			name = Release64;
		};
		8EF746CC17F2636F006AF112 /* Release64 */ = {
			isa = XCBuildConfiguration;
			buildSettings = {
				ARCHS = (
					arm64,
					x86_64,
				);
				DSTROOT = /tmp/Bolts.dst;
				GCC_PRECOMPILE_PREFIX_HEADER = YES;
				GCC_PREFIX_HEADER = "Bolts/Bolts-Prefix.pch";
				IPHONEOS_DEPLOYMENT_TARGET = 7.0;
				OTHER_LDFLAGS = "-ObjC";
				PRODUCT_NAME = "$(TARGET_NAME)";
				SKIP_INSTALL = YES;
			};
			name = Release64;
		};
		8EF746CD17F2636F006AF112 /* Release64 */ = {
			isa = XCBuildConfiguration;
			buildSettings = {
				EXECUTABLE_EXTENSION = dylib;
				EXECUTABLE_PREFIX = "";
				GCC_PRECOMPILE_PREFIX_HEADER = YES;
				GCC_PREFIX_HEADER = "Bolts/Bolts-Prefix.pch";
				INSTALL_PATH = "@executable_path/../Frameworks";
				LD_DYLIB_INSTALL_NAME = "@executable_path/../Frameworks/Bolts.framework/Bolts";
				MACH_O_TYPE = mh_dylib;
				OTHER_LDFLAGS = "-ObjC";
				PRODUCT_NAME = MacBolts;
				SDKROOT = macosx;
				SKIP_INSTALL = YES;
			};
			name = Release64;
		};
		8EF746CE17F2636F006AF112 /* Release64 */ = {
			isa = XCBuildConfiguration;
			buildSettings = {
				ARCHS = (
					arm64,
					x86_64,
				);
				BUNDLE_LOADER = "$(BUILT_PRODUCTS_DIR)/BoltsTestUI.app/BoltsTestUI";
				CLANG_ENABLE_MODULES = YES;
				CLANG_WARN_BOOL_CONVERSION = YES;
				CLANG_WARN_DIRECT_OBJC_ISA_USAGE = YES_ERROR;
				CLANG_WARN_OBJC_ROOT_CLASS = YES_ERROR;
				ENABLE_NS_ASSERTIONS = NO;
				FRAMEWORK_SEARCH_PATHS = (
					"$(SDKROOT)/Developer/Library/Frameworks",
					"$(inherited)",
					"$(DEVELOPER_FRAMEWORKS_DIR)",
				);
				GCC_PRECOMPILE_PREFIX_HEADER = YES;
				GCC_PREFIX_HEADER = "BoltsTests/BoltsTests-Prefix.pch";
				GCC_WARN_64_TO_32_BIT_CONVERSION = YES;
				GCC_WARN_ABOUT_RETURN_TYPE = YES_ERROR;
				GCC_WARN_UNDECLARED_SELECTOR = YES;
				GCC_WARN_UNUSED_FUNCTION = YES;
				INFOPLIST_FILE = "BoltsTests/BoltsTests-Info.plist";
				IPHONEOS_DEPLOYMENT_TARGET = 7.0;
				PRODUCT_NAME = "$(TARGET_NAME)";
				TEST_HOST = "$(BUNDLE_LOADER)";
				WRAPPER_EXTENSION = xctest;
			};
			name = Release64;
		};
		8EF746CF17F2636F006AF112 /* Release64 */ = {
			isa = XCBuildConfiguration;
			buildSettings = {
				CLANG_WARN_BOOL_CONVERSION = YES;
				CLANG_WARN_DIRECT_OBJC_ISA_USAGE = YES_ERROR;
				CLANG_WARN_OBJC_ROOT_CLASS = YES_ERROR;
				DEBUG_INFORMATION_FORMAT = "dwarf-with-dsym";
				ENABLE_NS_ASSERTIONS = NO;
				FRAMEWORK_SEARCH_PATHS = (
					"$(DEVELOPER_FRAMEWORKS_DIR)",
					"$(inherited)",
				);
				GCC_ENABLE_OBJC_EXCEPTIONS = YES;
				GCC_PRECOMPILE_PREFIX_HEADER = YES;
				GCC_PREFIX_HEADER = "BoltsTests/BoltsTests-Prefix.pch";
				GCC_WARN_64_TO_32_BIT_CONVERSION = YES;
				GCC_WARN_ABOUT_RETURN_TYPE = YES_ERROR;
				GCC_WARN_UNDECLARED_SELECTOR = YES;
				GCC_WARN_UNUSED_FUNCTION = YES;
				INFOPLIST_FILE = "BoltsTests/BoltsTests-Info.plist";
				MACOSX_DEPLOYMENT_TARGET = 10.8;
				PRODUCT_NAME = "$(TARGET_NAME)";
				SDKROOT = macosx;
				WRAPPER_EXTENSION = xctest;
			};
			name = Release64;
		};
/* End XCBuildConfiguration section */

/* Begin XCConfigurationList section */
		1EC3018E18CDAA8400D06D07 /* Build configuration list for PBXNativeTarget "BoltsTestUI" */ = {
			isa = XCConfigurationList;
			buildConfigurations = (
				1EC3018618CDAA8400D06D07 /* Debug */,
				1EC3018718CDAA8400D06D07 /* Debug64 */,
				1EC3018818CDAA8400D06D07 /* Release */,
				1EC3018918CDAA8400D06D07 /* Release64 */,
			);
			defaultConfigurationIsVisible = 0;
			defaultConfigurationName = Release;
		};
		8E8C8EF817F23D1D00E3F1C7 /* Build configuration list for PBXNativeTarget "BoltsTests" */ = {
			isa = XCConfigurationList;
			buildConfigurations = (
				8E8C8EF917F23D1D00E3F1C7 /* Debug */,
				8EF746C917F26365006AF112 /* Debug64 */,
				8E8C8EFA17F23D1D00E3F1C7 /* Release */,
				8EF746CE17F2636F006AF112 /* Release64 */,
			);
			defaultConfigurationIsVisible = 0;
			defaultConfigurationName = Release;
		};
		8E8C8F2617F241DA00E3F1C7 /* Build configuration list for PBXNativeTarget "MacBoltsTests" */ = {
			isa = XCConfigurationList;
			buildConfigurations = (
				8E8C8F2717F241DA00E3F1C7 /* Debug */,
				8EF746CA17F26365006AF112 /* Debug64 */,
				8E8C8F2817F241DA00E3F1C7 /* Release */,
				8EF746CF17F2636F006AF112 /* Release64 */,
			);
			defaultConfigurationIsVisible = 0;
			defaultConfigurationName = Release;
		};
		8E9C3CE417DE9DE000427E62 /* Build configuration list for PBXProject "Bolts" */ = {
			isa = XCConfigurationList;
			buildConfigurations = (
				8E9C3D0C17DE9DE000427E62 /* Debug */,
				8EF746C617F26365006AF112 /* Debug64 */,
				8E9C3D0D17DE9DE000427E62 /* Release */,
				8EF746CB17F2636F006AF112 /* Release64 */,
			);
			defaultConfigurationIsVisible = 0;
			defaultConfigurationName = Release;
		};
		8E9C3D0E17DE9DE000427E62 /* Build configuration list for PBXNativeTarget "Bolts" */ = {
			isa = XCConfigurationList;
			buildConfigurations = (
				8E9C3D0F17DE9DE000427E62 /* Debug */,
				8EF746C717F26365006AF112 /* Debug64 */,
				8E9C3D1017DE9DE000427E62 /* Release */,
				8EF746CC17F2636F006AF112 /* Release64 */,
			);
			defaultConfigurationIsVisible = 0;
			defaultConfigurationName = Release;
		};
		8EDDA63217E17DDC00655F8A /* Build configuration list for PBXNativeTarget "MacBolts" */ = {
			isa = XCConfigurationList;
			buildConfigurations = (
				8EDDA63317E17DDC00655F8A /* Debug */,
				8EF746C817F26365006AF112 /* Debug64 */,
				8EDDA63417E17DDC00655F8A /* Release */,
				8EF746CD17F2636F006AF112 /* Release64 */,
			);
			defaultConfigurationIsVisible = 0;
			defaultConfigurationName = Release;
		};
/* End XCConfigurationList section */
	};
	rootObject = 8E9C3CE117DE9DE000427E62 /* Project object */;
}
